// !$*UTF8*$!
{
	archiveVersion = 1;
	classes = {
	};
	objectVersion = 55;
	objects = {

/* Begin PBXBuildFile section */
		AE546F92280A231B00DDC445 /* VideoController.swift in Sources */ = {isa = PBXBuildFile; fileRef = AE546F91280A231B00DDC445 /* VideoController.swift */; };
		AE59D9FA280F7F7900BEA772 /* LoginWindow.swift in Sources */ = {isa = PBXBuildFile; fileRef = AE59D9F9280F7F7900BEA772 /* LoginWindow.swift */; };
		AE5A2F1027F2D6F500AFDC4D /* AppDelegate.swift in Sources */ = {isa = PBXBuildFile; fileRef = AE5A2F0F27F2D6F500AFDC4D /* AppDelegate.swift */; };
		AE5A2F1227F2D6F500AFDC4D /* ViewController.swift in Sources */ = {isa = PBXBuildFile; fileRef = AE5A2F1127F2D6F500AFDC4D /* ViewController.swift */; };
		AE5A2F1427F2D6F600AFDC4D /* Assets.xcassets in Resources */ = {isa = PBXBuildFile; fileRef = AE5A2F1327F2D6F600AFDC4D /* Assets.xcassets */; };
		AE5A2F1727F2D6F600AFDC4D /* Main.storyboard in Resources */ = {isa = PBXBuildFile; fileRef = AE5A2F1527F2D6F600AFDC4D /* Main.storyboard */; };
		AE5A2F7427F2E4D100AFDC4D /* ChiakiBridge.m in Sources */ = {isa = PBXBuildFile; fileRef = AE5A2F7327F2E4D100AFDC4D /* ChiakiBridge.m */; };
		AE5A2FE527F307D400AFDC4D /* ConsoleListView.swift in Sources */ = {isa = PBXBuildFile; fileRef = AE5A2FE427F307D400AFDC4D /* ConsoleListView.swift */; };
		AE5A2FE727F3E88E00AFDC4D /* AppModel.swift in Sources */ = {isa = PBXBuildFile; fileRef = AE5A2FE627F3E88E00AFDC4D /* AppModel.swift */; };
		AE5A2FEB27F416F900AFDC4D /* MetalKit.framework in Frameworks */ = {isa = PBXBuildFile; fileRef = AE5A2FEA27F416F900AFDC4D /* MetalKit.framework */; };
		AE5A2FED27F4170200AFDC4D /* Metal.framework in Frameworks */ = {isa = PBXBuildFile; fileRef = AE5A2FEC27F4170200AFDC4D /* Metal.framework */; };
		AE5A2FF227F45CAA00AFDC4D /* KeyCodes.swift in Sources */ = {isa = PBXBuildFile; fileRef = AE5A2FF127F45CAA00AFDC4D /* KeyCodes.swift */; };
		AE5A301027F534F300AFDC4D /* InputManager.swift in Sources */ = {isa = PBXBuildFile; fileRef = AE5A300F27F534F300AFDC4D /* InputManager.swift */; };
		AE624CA227F5C58300990FE5 /* AudioQueuePlayer.swift in Sources */ = {isa = PBXBuildFile; fileRef = AE624CA127F5C58300990FE5 /* AudioQueuePlayer.swift */; };
		AE65370E2807A0E00026C619 /* PowerManagement.swift in Sources */ = {isa = PBXBuildFile; fileRef = AE65370D2807A0E00026C619 /* PowerManagement.swift */; };
		AE76B12B2801BFF900BA3B36 /* FastStreamWindow.swift in Sources */ = {isa = PBXBuildFile; fileRef = AE76B12A2801BFF900BA3B36 /* FastStreamWindow.swift */; };
		AE76B12D2803BD9A00BA3B36 /* CursorLogic.swift in Sources */ = {isa = PBXBuildFile; fileRef = AE76B12C2803BD9A00BA3B36 /* CursorLogic.swift */; };
		AE808252280674E700D57CD9 /* default-map.json in Resources */ = {isa = PBXBuildFile; fileRef = AE808251280674E700D57CD9 /* default-map.json */; };
		AE808254280675EE00D57CD9 /* KeyMapFile.swift in Sources */ = {isa = PBXBuildFile; fileRef = AE808253280675EE00D57CD9 /* KeyMapFile.swift */; };
		AE8082562806846900D57CD9 /* KeyCodeMap.swift in Sources */ = {isa = PBXBuildFile; fileRef = AE8082552806846900D57CD9 /* KeyCodeMap.swift */; };
		AEACAA6F282495940000D389 /* PsUtils.swift in Sources */ = {isa = PBXBuildFile; fileRef = AEACAA6E282495940000D389 /* PsUtils.swift */; };
/* End PBXBuildFile section */

/* Begin PBXFileReference section */
		AE546F91280A231B00DDC445 /* VideoController.swift */ = {isa = PBXFileReference; lastKnownFileType = sourcecode.swift; path = VideoController.swift; sourceTree = "<group>"; };
		AE59D9F9280F7F7900BEA772 /* LoginWindow.swift */ = {isa = PBXFileReference; lastKnownFileType = sourcecode.swift; path = LoginWindow.swift; sourceTree = "<group>"; };
		AE5A2F0C27F2D6F500AFDC4D /* chiakiapp.app */ = {isa = PBXFileReference; explicitFileType = wrapper.application; includeInIndex = 0; path = chiakiapp.app; sourceTree = BUILT_PRODUCTS_DIR; };
		AE5A2F0F27F2D6F500AFDC4D /* AppDelegate.swift */ = {isa = PBXFileReference; lastKnownFileType = sourcecode.swift; path = AppDelegate.swift; sourceTree = "<group>"; };
		AE5A2F1127F2D6F500AFDC4D /* ViewController.swift */ = {isa = PBXFileReference; lastKnownFileType = sourcecode.swift; path = ViewController.swift; sourceTree = "<group>"; };
		AE5A2F1327F2D6F600AFDC4D /* Assets.xcassets */ = {isa = PBXFileReference; lastKnownFileType = folder.assetcatalog; path = Assets.xcassets; sourceTree = "<group>"; };
		AE5A2F1627F2D6F600AFDC4D /* Base */ = {isa = PBXFileReference; lastKnownFileType = file.storyboard; name = Base; path = Base.lproj/Main.storyboard; sourceTree = "<group>"; };
		AE5A2F1827F2D6F600AFDC4D /* chiakiapp.entitlements */ = {isa = PBXFileReference; lastKnownFileType = text.plist.entitlements; path = chiakiapp.entitlements; sourceTree = "<group>"; };
		AE5A2F7227F2E4D000AFDC4D /* chiakiapp-Bridging-Header.h */ = {isa = PBXFileReference; lastKnownFileType = sourcecode.c.h; path = "chiakiapp-Bridging-Header.h"; sourceTree = "<group>"; };
		AE5A2F7327F2E4D100AFDC4D /* ChiakiBridge.m */ = {isa = PBXFileReference; lastKnownFileType = sourcecode.c.objc; path = ChiakiBridge.m; sourceTree = "<group>"; };
		AE5A2F8027F2EBCA00AFDC4D /* ChiakiBridge.h */ = {isa = PBXFileReference; lastKnownFileType = sourcecode.c.h; path = ChiakiBridge.h; sourceTree = "<group>"; };
		AE5A2FE427F307D400AFDC4D /* ConsoleListView.swift */ = {isa = PBXFileReference; lastKnownFileType = sourcecode.swift; path = ConsoleListView.swift; sourceTree = "<group>"; };
		AE5A2FE627F3E88E00AFDC4D /* AppModel.swift */ = {isa = PBXFileReference; lastKnownFileType = sourcecode.swift; path = AppModel.swift; sourceTree = "<group>"; };
		AE5A2FEA27F416F900AFDC4D /* MetalKit.framework */ = {isa = PBXFileReference; lastKnownFileType = wrapper.framework; name = MetalKit.framework; path = System/Library/Frameworks/MetalKit.framework; sourceTree = SDKROOT; };
		AE5A2FEC27F4170200AFDC4D /* Metal.framework */ = {isa = PBXFileReference; lastKnownFileType = wrapper.framework; name = Metal.framework; path = System/Library/Frameworks/Metal.framework; sourceTree = SDKROOT; };
		AE5A2FF127F45CAA00AFDC4D /* KeyCodes.swift */ = {isa = PBXFileReference; lastKnownFileType = sourcecode.swift; path = KeyCodes.swift; sourceTree = "<group>"; };
		AE5A300F27F534F300AFDC4D /* InputManager.swift */ = {isa = PBXFileReference; lastKnownFileType = sourcecode.swift; path = InputManager.swift; sourceTree = "<group>"; };
		AE5A301327F55C7D00AFDC4D /* libopus.a */ = {isa = PBXFileReference; lastKnownFileType = archive.ar; name = libopus.a; path = ../../../../../../opt/homebrew/lib/libopus.a; sourceTree = "<group>"; };
		AE624CA127F5C58300990FE5 /* AudioQueuePlayer.swift */ = {isa = PBXFileReference; lastKnownFileType = sourcecode.swift; path = AudioQueuePlayer.swift; sourceTree = "<group>"; };
		AE65370D2807A0E00026C619 /* PowerManagement.swift */ = {isa = PBXFileReference; lastKnownFileType = sourcecode.swift; path = PowerManagement.swift; sourceTree = "<group>"; };
		AE6821822808F8F400E56FBF /* libchiaki.a */ = {isa = PBXFileReference; lastKnownFileType = archive.ar; name = libchiaki.a; path = ../chiaki/build/lib/libchiaki.a; sourceTree = "<group>"; };
		AE6821842808F92700E56FBF /* libjerasure.a */ = {isa = PBXFileReference; lastKnownFileType = archive.ar; name = libjerasure.a; path = "../chiaki/build/third-party/libjerasure.a"; sourceTree = "<group>"; };
		AE6821852808F92700E56FBF /* libgf_complete.a */ = {isa = PBXFileReference; lastKnownFileType = archive.ar; name = libgf_complete.a; path = "../chiaki/build/third-party/libgf_complete.a"; sourceTree = "<group>"; };
		AE6821862808F92700E56FBF /* libprotobuf-nanopb.a */ = {isa = PBXFileReference; lastKnownFileType = archive.ar; name = "libprotobuf-nanopb.a"; path = "../chiaki/build/third-party/nanopb/libprotobuf-nanopb.a"; sourceTree = "<group>"; };
		AE76B12A2801BFF900BA3B36 /* FastStreamWindow.swift */ = {isa = PBXFileReference; lastKnownFileType = sourcecode.swift; path = FastStreamWindow.swift; sourceTree = "<group>"; };
		AE76B12C2803BD9A00BA3B36 /* CursorLogic.swift */ = {isa = PBXFileReference; lastKnownFileType = sourcecode.swift; path = CursorLogic.swift; sourceTree = "<group>"; };
		AE808251280674E700D57CD9 /* default-map.json */ = {isa = PBXFileReference; lastKnownFileType = text.json; path = "default-map.json"; sourceTree = "<group>"; };
		AE808253280675EE00D57CD9 /* KeyMapFile.swift */ = {isa = PBXFileReference; lastKnownFileType = sourcecode.swift; path = KeyMapFile.swift; sourceTree = "<group>"; };
		AE8082552806846900D57CD9 /* KeyCodeMap.swift */ = {isa = PBXFileReference; lastKnownFileType = sourcecode.swift; path = KeyCodeMap.swift; sourceTree = "<group>"; };
		AEACAA6E282495940000D389 /* PsUtils.swift */ = {isa = PBXFileReference; lastKnownFileType = sourcecode.swift; path = PsUtils.swift; sourceTree = "<group>"; };
/* End PBXFileReference section */

/* Begin PBXFrameworksBuildPhase section */
		AE5A2F0927F2D6F500AFDC4D /* Frameworks */ = {
			isa = PBXFrameworksBuildPhase;
			buildActionMask = 2147483647;
			files = (
				AE5A2FED27F4170200AFDC4D /* Metal.framework in Frameworks */,
				AE5A2FEB27F416F900AFDC4D /* MetalKit.framework in Frameworks */,
			);
			runOnlyForDeploymentPostprocessing = 0;
		};
/* End PBXFrameworksBuildPhase section */

/* Begin PBXGroup section */
		AE5A2F0327F2D6F500AFDC4D = {
			isa = PBXGroup;
			children = (
				AE5A2F0E27F2D6F500AFDC4D /* chiakiapp */,
				AE5A2F0D27F2D6F500AFDC4D /* Products */,
				AE5A2F7527F2EA8F00AFDC4D /* Frameworks */,
			);
			sourceTree = "<group>";
		};
		AE5A2F0D27F2D6F500AFDC4D /* Products */ = {
			isa = PBXGroup;
			children = (
				AE5A2F0C27F2D6F500AFDC4D /* chiakiapp.app */,
			);
			name = Products;
			sourceTree = "<group>";
		};
		AE5A2F0E27F2D6F500AFDC4D /* chiakiapp */ = {
			isa = PBXGroup;
			children = (
				AE5A300E27F534E800AFDC4D /* inputmanager */,
				AE5A2FDC27F2FDA900AFDC4D /* libs */,
				AE5A2F0F27F2D6F500AFDC4D /* AppDelegate.swift */,
				AE624CA127F5C58300990FE5 /* AudioQueuePlayer.swift */,
				AE5A2F1127F2D6F500AFDC4D /* ViewController.swift */,
				AE76B12A2801BFF900BA3B36 /* FastStreamWindow.swift */,
				AE5A2FE627F3E88E00AFDC4D /* AppModel.swift */,
				AE5A2FE427F307D400AFDC4D /* ConsoleListView.swift */,
				AE5A2F1327F2D6F600AFDC4D /* Assets.xcassets */,
				AE5A2F1527F2D6F600AFDC4D /* Main.storyboard */,
				AE5A2F1827F2D6F600AFDC4D /* chiakiapp.entitlements */,
				AE5A2F7227F2E4D000AFDC4D /* chiakiapp-Bridging-Header.h */,
				AE5A2F7327F2E4D100AFDC4D /* ChiakiBridge.m */,
				AE5A2F8027F2EBCA00AFDC4D /* ChiakiBridge.h */,
				AE5A2FF127F45CAA00AFDC4D /* KeyCodes.swift */,
				AE76B12C2803BD9A00BA3B36 /* CursorLogic.swift */,
				AE808251280674E700D57CD9 /* default-map.json */,
				AE65370D2807A0E00026C619 /* PowerManagement.swift */,
				AE546F91280A231B00DDC445 /* VideoController.swift */,
				AE59D9F9280F7F7900BEA772 /* LoginWindow.swift */,
				AEACAA6E282495940000D389 /* PsUtils.swift */,
			);
			path = chiakiapp;
			sourceTree = "<group>";
		};
		AE5A2F7527F2EA8F00AFDC4D /* Frameworks */ = {
			isa = PBXGroup;
			children = (
				AE6821852808F92700E56FBF /* libgf_complete.a */,
				AE6821842808F92700E56FBF /* libjerasure.a */,
				AE6821862808F92700E56FBF /* libprotobuf-nanopb.a */,
				AE6821822808F8F400E56FBF /* libchiaki.a */,
				AE5A2FEC27F4170200AFDC4D /* Metal.framework */,
				AE5A2FEA27F416F900AFDC4D /* MetalKit.framework */,
			);
			name = Frameworks;
			sourceTree = "<group>";
		};
		AE5A2FDC27F2FDA900AFDC4D /* libs */ = {
			isa = PBXGroup;
			children = (
				AE5A301327F55C7D00AFDC4D /* libopus.a */,
			);
			path = libs;
			sourceTree = "<group>";
		};
		AE5A300E27F534E800AFDC4D /* inputmanager */ = {
			isa = PBXGroup;
			children = (
				AE5A300F27F534F300AFDC4D /* InputManager.swift */,
				AE808253280675EE00D57CD9 /* KeyMapFile.swift */,
				AE8082552806846900D57CD9 /* KeyCodeMap.swift */,
			);
			path = inputmanager;
			sourceTree = "<group>";
		};
/* End PBXGroup section */

/* Begin PBXNativeTarget section */
		AE5A2F0B27F2D6F500AFDC4D /* chiakiapp */ = {
			isa = PBXNativeTarget;
			buildConfigurationList = AE5A2F1B27F2D6F600AFDC4D /* Build configuration list for PBXNativeTarget "chiakiapp" */;
			buildPhases = (
				AE5A2F0827F2D6F500AFDC4D /* Sources */,
				AE5A2F0927F2D6F500AFDC4D /* Frameworks */,
				AE5A2F0A27F2D6F500AFDC4D /* Resources */,
			);
			buildRules = (
			);
			dependencies = (
			);
			name = chiakiapp;
			productName = chiakiapp;
			productReference = AE5A2F0C27F2D6F500AFDC4D /* chiakiapp.app */;
			productType = "com.apple.product-type.application";
		};
/* End PBXNativeTarget section */

/* Begin PBXProject section */
		AE5A2F0427F2D6F500AFDC4D /* Project object */ = {
			isa = PBXProject;
			attributes = {
				BuildIndependentTargetsInParallel = 1;
				LastSwiftUpdateCheck = 1320;
				LastUpgradeCheck = 1320;
				TargetAttributes = {
					AE5A2F0B27F2D6F500AFDC4D = {
						CreatedOnToolsVersion = 13.2.1;
						LastSwiftMigration = 1320;
					};
				};
			};
			buildConfigurationList = AE5A2F0727F2D6F500AFDC4D /* Build configuration list for PBXProject "chiakiapp" */;
			compatibilityVersion = "Xcode 13.0";
			developmentRegion = en;
			hasScannedForEncodings = 0;
			knownRegions = (
				en,
				Base,
			);
			mainGroup = AE5A2F0327F2D6F500AFDC4D;
			productRefGroup = AE5A2F0D27F2D6F500AFDC4D /* Products */;
			projectDirPath = "";
			projectRoot = "";
			targets = (
				AE5A2F0B27F2D6F500AFDC4D /* chiakiapp */,
			);
		};
/* End PBXProject section */

/* Begin PBXResourcesBuildPhase section */
		AE5A2F0A27F2D6F500AFDC4D /* Resources */ = {
			isa = PBXResourcesBuildPhase;
			buildActionMask = 2147483647;
			files = (
				AE808252280674E700D57CD9 /* default-map.json in Resources */,
				AE5A2F1427F2D6F600AFDC4D /* Assets.xcassets in Resources */,
				AE5A2F1727F2D6F600AFDC4D /* Main.storyboard in Resources */,
			);
			runOnlyForDeploymentPostprocessing = 0;
		};
/* End PBXResourcesBuildPhase section */

/* Begin PBXSourcesBuildPhase section */
		AE5A2F0827F2D6F500AFDC4D /* Sources */ = {
			isa = PBXSourcesBuildPhase;
			buildActionMask = 2147483647;
			files = (
				AE65370E2807A0E00026C619 /* PowerManagement.swift in Sources */,
				AE624CA227F5C58300990FE5 /* AudioQueuePlayer.swift in Sources */,
				AE808254280675EE00D57CD9 /* KeyMapFile.swift in Sources */,
				AE8082562806846900D57CD9 /* KeyCodeMap.swift in Sources */,
				AE5A301027F534F300AFDC4D /* InputManager.swift in Sources */,
				AE59D9FA280F7F7900BEA772 /* LoginWindow.swift in Sources */,
				AE76B12D2803BD9A00BA3B36 /* CursorLogic.swift in Sources */,
				AE5A2F1227F2D6F500AFDC4D /* ViewController.swift in Sources */,
				AE76B12B2801BFF900BA3B36 /* FastStreamWindow.swift in Sources */,
				AE5A2FF227F45CAA00AFDC4D /* KeyCodes.swift in Sources */,
				AE5A2FE527F307D400AFDC4D /* ConsoleListView.swift in Sources */,
				AE5A2F1027F2D6F500AFDC4D /* AppDelegate.swift in Sources */,
				AEACAA6F282495940000D389 /* PsUtils.swift in Sources */,
				AE5A2F7427F2E4D100AFDC4D /* ChiakiBridge.m in Sources */,
				AE5A2FE727F3E88E00AFDC4D /* AppModel.swift in Sources */,
				AE546F92280A231B00DDC445 /* VideoController.swift in Sources */,
			);
			runOnlyForDeploymentPostprocessing = 0;
		};
/* End PBXSourcesBuildPhase section */

/* Begin PBXVariantGroup section */
		AE5A2F1527F2D6F600AFDC4D /* Main.storyboard */ = {
			isa = PBXVariantGroup;
			children = (
				AE5A2F1627F2D6F600AFDC4D /* Base */,
			);
			name = Main.storyboard;
			sourceTree = "<group>";
		};
/* End PBXVariantGroup section */

/* Begin XCBuildConfiguration section */
		AE5A2F1927F2D6F600AFDC4D /* Debug */ = {
			isa = XCBuildConfiguration;
			buildSettings = {
				ALWAYS_SEARCH_USER_PATHS = NO;
				CLANG_ANALYZER_NONNULL = YES;
				CLANG_ANALYZER_NUMBER_OBJECT_CONVERSION = YES_AGGRESSIVE;
				CLANG_ENABLE_MODULES = YES;
				CLANG_ENABLE_OBJC_ARC = YES;
				CLANG_ENABLE_OBJC_WEAK = YES;
				CLANG_WARN_BLOCK_CAPTURE_AUTORELEASING = YES;
				CLANG_WARN_BOOL_CONVERSION = YES;
				CLANG_WARN_COMMA = YES;
				CLANG_WARN_CONSTANT_CONVERSION = YES;
				CLANG_WARN_DEPRECATED_OBJC_IMPLEMENTATIONS = YES;
				CLANG_WARN_DIRECT_OBJC_ISA_USAGE = YES_ERROR;
				CLANG_WARN_DOCUMENTATION_COMMENTS = YES;
				CLANG_WARN_EMPTY_BODY = YES;
				CLANG_WARN_ENUM_CONVERSION = YES;
				CLANG_WARN_INFINITE_RECURSION = YES;
				CLANG_WARN_INT_CONVERSION = YES;
				CLANG_WARN_NON_LITERAL_NULL_CONVERSION = YES;
				CLANG_WARN_OBJC_IMPLICIT_RETAIN_SELF = YES;
				CLANG_WARN_OBJC_LITERAL_CONVERSION = YES;
				CLANG_WARN_OBJC_ROOT_CLASS = YES_ERROR;
				CLANG_WARN_QUOTED_INCLUDE_IN_FRAMEWORK_HEADER = YES;
				CLANG_WARN_RANGE_LOOP_ANALYSIS = YES;
				CLANG_WARN_STRICT_PROTOTYPES = YES;
				CLANG_WARN_SUSPICIOUS_MOVE = YES;
				CLANG_WARN_UNGUARDED_AVAILABILITY = YES_AGGRESSIVE;
				CLANG_WARN_UNREACHABLE_CODE = YES;
				CLANG_WARN__DUPLICATE_METHOD_MATCH = YES;
				COPY_PHASE_STRIP = NO;
				DEBUG_INFORMATION_FORMAT = dwarf;
				ENABLE_STRICT_OBJC_MSGSEND = YES;
				ENABLE_TESTABILITY = YES;
				GCC_C_LANGUAGE_STANDARD = gnu11;
				GCC_DYNAMIC_NO_PIC = NO;
				GCC_NO_COMMON_BLOCKS = YES;
				GCC_OPTIMIZATION_LEVEL = 0;
				GCC_PREPROCESSOR_DEFINITIONS = (
					"DEBUG=1",
					"$(inherited)",
				);
				GCC_WARN_64_TO_32_BIT_CONVERSION = YES;
				GCC_WARN_ABOUT_RETURN_TYPE = YES_ERROR;
				GCC_WARN_UNDECLARED_SELECTOR = YES;
				GCC_WARN_UNINITIALIZED_AUTOS = YES_AGGRESSIVE;
				GCC_WARN_UNUSED_FUNCTION = YES;
				GCC_WARN_UNUSED_VARIABLE = YES;
				MACOSX_DEPLOYMENT_TARGET = 12.1;
				MTL_ENABLE_DEBUG_INFO = INCLUDE_SOURCE;
				MTL_FAST_MATH = YES;
				ONLY_ACTIVE_ARCH = YES;
				SDKROOT = macosx;
				SWIFT_ACTIVE_COMPILATION_CONDITIONS = DEBUG;
				SWIFT_OPTIMIZATION_LEVEL = "-Onone";
			};
			name = Debug;
		};
		AE5A2F1A27F2D6F600AFDC4D /* Release */ = {
			isa = XCBuildConfiguration;
			buildSettings = {
				ALWAYS_SEARCH_USER_PATHS = NO;
				CLANG_ANALYZER_NONNULL = YES;
				CLANG_ANALYZER_NUMBER_OBJECT_CONVERSION = YES_AGGRESSIVE;
				CLANG_ENABLE_MODULES = YES;
				CLANG_ENABLE_OBJC_ARC = YES;
				CLANG_ENABLE_OBJC_WEAK = YES;
				CLANG_WARN_BLOCK_CAPTURE_AUTORELEASING = YES;
				CLANG_WARN_BOOL_CONVERSION = YES;
				CLANG_WARN_COMMA = YES;
				CLANG_WARN_CONSTANT_CONVERSION = YES;
				CLANG_WARN_DEPRECATED_OBJC_IMPLEMENTATIONS = YES;
				CLANG_WARN_DIRECT_OBJC_ISA_USAGE = YES_ERROR;
				CLANG_WARN_DOCUMENTATION_COMMENTS = YES;
				CLANG_WARN_EMPTY_BODY = YES;
				CLANG_WARN_ENUM_CONVERSION = YES;
				CLANG_WARN_INFINITE_RECURSION = YES;
				CLANG_WARN_INT_CONVERSION = YES;
				CLANG_WARN_NON_LITERAL_NULL_CONVERSION = YES;
				CLANG_WARN_OBJC_IMPLICIT_RETAIN_SELF = YES;
				CLANG_WARN_OBJC_LITERAL_CONVERSION = YES;
				CLANG_WARN_OBJC_ROOT_CLASS = YES_ERROR;
				CLANG_WARN_QUOTED_INCLUDE_IN_FRAMEWORK_HEADER = YES;
				CLANG_WARN_RANGE_LOOP_ANALYSIS = YES;
				CLANG_WARN_STRICT_PROTOTYPES = YES;
				CLANG_WARN_SUSPICIOUS_MOVE = YES;
				CLANG_WARN_UNGUARDED_AVAILABILITY = YES_AGGRESSIVE;
				CLANG_WARN_UNREACHABLE_CODE = YES;
				CLANG_WARN__DUPLICATE_METHOD_MATCH = YES;
				COPY_PHASE_STRIP = NO;
				DEBUG_INFORMATION_FORMAT = "dwarf-with-dsym";
				ENABLE_NS_ASSERTIONS = NO;
				ENABLE_STRICT_OBJC_MSGSEND = YES;
				GCC_C_LANGUAGE_STANDARD = gnu11;
				GCC_NO_COMMON_BLOCKS = YES;
				GCC_WARN_64_TO_32_BIT_CONVERSION = YES;
				GCC_WARN_ABOUT_RETURN_TYPE = YES_ERROR;
				GCC_WARN_UNDECLARED_SELECTOR = YES;
				GCC_WARN_UNINITIALIZED_AUTOS = YES_AGGRESSIVE;
				GCC_WARN_UNUSED_FUNCTION = YES;
				GCC_WARN_UNUSED_VARIABLE = YES;
				MACOSX_DEPLOYMENT_TARGET = 12.1;
				MTL_ENABLE_DEBUG_INFO = NO;
				MTL_FAST_MATH = YES;
				SDKROOT = macosx;
				SWIFT_COMPILATION_MODE = wholemodule;
				SWIFT_OPTIMIZATION_LEVEL = "-O";
			};
			name = Release;
		};
		AE5A2F1C27F2D6F600AFDC4D /* Debug */ = {
			isa = XCBuildConfiguration;
			buildSettings = {
				ASSETCATALOG_COMPILER_APPICON_NAME = AppIcon;
				ASSETCATALOG_COMPILER_GLOBAL_ACCENT_COLOR_NAME = AccentColor;
				CLANG_ENABLE_MODULES = YES;
				CODE_SIGN_ENTITLEMENTS = chiakiapp/chiakiapp.entitlements;
				CODE_SIGN_IDENTITY = "Apple Development";
				CODE_SIGN_STYLE = Automatic;
				CURRENT_PROJECT_VERSION = 1;
				DEVELOPMENT_TEAM = XKGHA6BEPT;
				ENABLE_HARDENED_RUNTIME = NO;
				GENERATE_INFOPLIST_FILE = YES;
				HEADER_SEARCH_PATHS = "$(PROJECT_DIR)/chiaki/lib/include";
				INFOPLIST_KEY_NSHumanReadableCopyright = "";
				INFOPLIST_KEY_NSMainStoryboardFile = Main;
				INFOPLIST_KEY_NSPrincipalClass = NSApplication;
				LD_RUNPATH_SEARCH_PATHS = (
					"$(inherited)",
					"@executable_path/../Frameworks",
				);
				LIBRARY_SEARCH_PATHS = "";
				MARKETING_VERSION = 1.0;
				ONLY_ACTIVE_ARCH = YES;
				OTHER_LDFLAGS = (
					/opt/homebrew/opt/openssl/lib/libssl.a,
					/opt/homebrew/opt/openssl/lib/libcrypto.a,
					/opt/homebrew/lib/libopus.a,
					"/opt/homebrew/opt/protobuf-c/lib/libprotobuf-c.a",
					"$(PROJECT_DIR)/chiaki/build/lib/libchiaki.a",
					"$(PROJECT_DIR)/chiaki/build/third-party/libjerasure.a",
					"$(PROJECT_DIR)/chiaki/build/third-party/libgf_complete.a",
					"$(PROJECT_DIR)/chiaki/build/third-party/nanopb/libprotobuf-nanopb.a",
				);
				PRODUCT_BUNDLE_IDENTIFIER = deckedstudios.chiakiapp;
				PRODUCT_NAME = "$(TARGET_NAME)";
				SWIFT_EMIT_LOC_STRINGS = YES;
				SWIFT_OBJC_BRIDGING_HEADER = "chiakiapp/chiakiapp-Bridging-Header.h";
				SWIFT_OPTIMIZATION_LEVEL = "-Onone";
				SWIFT_VERSION = 5.0;
			};
			name = Debug;
		};
		AE5A2F1D27F2D6F600AFDC4D /* Release */ = {
			isa = XCBuildConfiguration;
			buildSettings = {
				ASSETCATALOG_COMPILER_APPICON_NAME = AppIcon;
				ASSETCATALOG_COMPILER_GLOBAL_ACCENT_COLOR_NAME = AccentColor;
				CLANG_ENABLE_MODULES = YES;
				CODE_SIGN_ENTITLEMENTS = chiakiapp/chiakiapp.entitlements;
				CODE_SIGN_IDENTITY = "Apple Development";
				CODE_SIGN_STYLE = Automatic;
				CURRENT_PROJECT_VERSION = 1;
				DEVELOPMENT_TEAM = XKGHA6BEPT;
				ENABLE_HARDENED_RUNTIME = NO;
				GENERATE_INFOPLIST_FILE = YES;
				HEADER_SEARCH_PATHS = "$(PROJECT_DIR)/chiaki/lib/include";
				INFOPLIST_KEY_NSHumanReadableCopyright = "";
				INFOPLIST_KEY_NSMainStoryboardFile = Main;
				INFOPLIST_KEY_NSPrincipalClass = NSApplication;
				LD_RUNPATH_SEARCH_PATHS = (
					"$(inherited)",
					"@executable_path/../Frameworks",
				);
				LIBRARY_SEARCH_PATHS = "";
				MARKETING_VERSION = 1.0;
				ONLY_ACTIVE_ARCH = YES;
				OTHER_LDFLAGS = (
					/opt/homebrew/opt/openssl/lib/libssl.a,
					/opt/homebrew/opt/openssl/lib/libcrypto.a,
					/opt/homebrew/lib/libopus.a,
					"/opt/homebrew/opt/protobuf-c/lib/libprotobuf-c.a",
					"$(PROJECT_DIR)/chiaki/build/lib/libchiaki.a",
					"$(PROJECT_DIR)/chiaki/build/third-party/libjerasure.a",
					"$(PROJECT_DIR)/chiaki/build/third-party/libgf_complete.a",
					"$(PROJECT_DIR)/chiaki/build/third-party/nanopb/libprotobuf-nanopb.a",
				);
				PRODUCT_BUNDLE_IDENTIFIER = deckedstudios.chiakiapp;
				PRODUCT_NAME = "$(TARGET_NAME)";
				SWIFT_EMIT_LOC_STRINGS = YES;
				SWIFT_OBJC_BRIDGING_HEADER = "chiakiapp/chiakiapp-Bridging-Header.h";
				SWIFT_VERSION = 5.0;
			};
			name = Release;
		};
/* End XCBuildConfiguration section */

/* Begin XCConfigurationList section */
		AE5A2F0727F2D6F500AFDC4D /* Build configuration list for PBXProject "chiakiapp" */ = {
			isa = XCConfigurationList;
			buildConfigurations = (
				AE5A2F1927F2D6F600AFDC4D /* Debug */,
				AE5A2F1A27F2D6F600AFDC4D /* Release */,
			);
			defaultConfigurationIsVisible = 0;
			defaultConfigurationName = Release;
		};
		AE5A2F1B27F2D6F600AFDC4D /* Build configuration list for PBXNativeTarget "chiakiapp" */ = {
			isa = XCConfigurationList;
			buildConfigurations = (
				AE5A2F1C27F2D6F600AFDC4D /* Debug */,
				AE5A2F1D27F2D6F600AFDC4D /* Release */,
			);
			defaultConfigurationIsVisible = 0;
			defaultConfigurationName = Release;
		};
/* End XCConfigurationList section */
	};
	rootObject = AE5A2F0427F2D6F500AFDC4D /* Project object */;
}
