// !$*UTF8*$!
{
	archiveVersion = 1;
	classes = {
	};
	objectVersion = 55;
	objects = {

/* Begin PBXBuildFile section */
		AE5A2F1027F2D6F500AFDC4D /* AppDelegate.swift in Sources */ = {isa = PBXBuildFile; fileRef = AE5A2F0F27F2D6F500AFDC4D /* AppDelegate.swift */; };
		AE5A2F1227F2D6F500AFDC4D /* ViewController.swift in Sources */ = {isa = PBXBuildFile; fileRef = AE5A2F1127F2D6F500AFDC4D /* ViewController.swift */; };
		AE5A2F1427F2D6F600AFDC4D /* Assets.xcassets in Resources */ = {isa = PBXBuildFile; fileRef = AE5A2F1327F2D6F600AFDC4D /* Assets.xcassets */; };
		AE5A2F1727F2D6F600AFDC4D /* Main.storyboard in Resources */ = {isa = PBXBuildFile; fileRef = AE5A2F1527F2D6F600AFDC4D /* Main.storyboard */; };
		AE5A2F7427F2E4D100AFDC4D /* ChiakiBridge.m in Sources */ = {isa = PBXBuildFile; fileRef = AE5A2F7327F2E4D100AFDC4D /* ChiakiBridge.m */; };
		AE5A2F7727F2EA8F00AFDC4D /* libssl.a in Frameworks */ = {isa = PBXBuildFile; fileRef = AE5A2F7627F2EA8F00AFDC4D /* libssl.a */; };
		AE5A2F7927F2EAED00AFDC4D /* libjerasure.a in Frameworks */ = {isa = PBXBuildFile; fileRef = AE5A2F7827F2EAED00AFDC4D /* libjerasure.a */; };
		AE5A2F7B27F2EB2600AFDC4D /* libgf_complete.a in Frameworks */ = {isa = PBXBuildFile; fileRef = AE5A2F7A27F2EB2600AFDC4D /* libgf_complete.a */; };
		AE5A2F7D27F2EB5500AFDC4D /* libssl.a in Frameworks */ = {isa = PBXBuildFile; fileRef = AE5A2F7C27F2EB5500AFDC4D /* libssl.a */; };
		AE5A2F7F27F2EB5B00AFDC4D /* libcrypto.a in Frameworks */ = {isa = PBXBuildFile; fileRef = AE5A2F7E27F2EB5B00AFDC4D /* libcrypto.a */; };
		AE5A2FA927F2ED1200AFDC4D /* log.c in Sources */ = {isa = PBXBuildFile; fileRef = AE5A2F8227F2ED1200AFDC4D /* log.c */; };
		AE5A2FAA27F2ED1200AFDC4D /* thread.c in Sources */ = {isa = PBXBuildFile; fileRef = AE5A2F8327F2ED1200AFDC4D /* thread.c */; };
		AE5A2FAB27F2ED1200AFDC4D /* common.c in Sources */ = {isa = PBXBuildFile; fileRef = AE5A2F8427F2ED1200AFDC4D /* common.c */; };
		AE5A2FAC27F2ED1200AFDC4D /* discoveryservice.c in Sources */ = {isa = PBXBuildFile; fileRef = AE5A2F8627F2ED1200AFDC4D /* discoveryservice.c */; };
		AE5A2FAD27F2ED1200AFDC4D /* frameprocessor.c in Sources */ = {isa = PBXBuildFile; fileRef = AE5A2F8727F2ED1200AFDC4D /* frameprocessor.c */; };
		AE5A2FAE27F2ED1200AFDC4D /* session.c in Sources */ = {isa = PBXBuildFile; fileRef = AE5A2F8827F2ED1200AFDC4D /* session.c */; };
		AE5A2FAF27F2ED1200AFDC4D /* controller.c in Sources */ = {isa = PBXBuildFile; fileRef = AE5A2F8927F2ED1200AFDC4D /* controller.c */; };
		AE5A2FB027F2ED1200AFDC4D /* reorderqueue.c in Sources */ = {isa = PBXBuildFile; fileRef = AE5A2F8A27F2ED1200AFDC4D /* reorderqueue.c */; };
		AE5A2FB227F2ED1200AFDC4D /* takion.c in Sources */ = {isa = PBXBuildFile; fileRef = AE5A2F8C27F2ED1200AFDC4D /* takion.c */; };
		AE5A2FB327F2ED1200AFDC4D /* packetstats.c in Sources */ = {isa = PBXBuildFile; fileRef = AE5A2F8D27F2ED1200AFDC4D /* packetstats.c */; };
		AE5A2FB427F2ED1200AFDC4D /* ecdh.c in Sources */ = {isa = PBXBuildFile; fileRef = AE5A2F8E27F2ED1200AFDC4D /* ecdh.c */; };
		AE5A2FB527F2ED1200AFDC4D /* ctrl.c in Sources */ = {isa = PBXBuildFile; fileRef = AE5A2F9027F2ED1200AFDC4D /* ctrl.c */; };
		AE5A2FB627F2ED1200AFDC4D /* congestioncontrol.c in Sources */ = {isa = PBXBuildFile; fileRef = AE5A2F9127F2ED1200AFDC4D /* congestioncontrol.c */; };
		AE5A2FB727F2ED1200AFDC4D /* videoreceiver.c in Sources */ = {isa = PBXBuildFile; fileRef = AE5A2F9227F2ED1200AFDC4D /* videoreceiver.c */; };
		AE5A2FB827F2ED1200AFDC4D /* feedbacksender.c in Sources */ = {isa = PBXBuildFile; fileRef = AE5A2F9327F2ED1200AFDC4D /* feedbacksender.c */; };
		AE5A2FB927F2ED1200AFDC4D /* feedback.c in Sources */ = {isa = PBXBuildFile; fileRef = AE5A2F9427F2ED1200AFDC4D /* feedback.c */; };
		AE5A2FBA27F2ED1200AFDC4D /* random.c in Sources */ = {isa = PBXBuildFile; fileRef = AE5A2F9527F2ED1200AFDC4D /* random.c */; };
		AE5A2FBB27F2ED1200AFDC4D /* rpcrypt.c in Sources */ = {isa = PBXBuildFile; fileRef = AE5A2F9627F2ED1200AFDC4D /* rpcrypt.c */; };
		AE5A2FBC27F2ED1200AFDC4D /* discovery.c in Sources */ = {isa = PBXBuildFile; fileRef = AE5A2F9727F2ED1200AFDC4D /* discovery.c */; };
		AE5A2FBE27F2ED1200AFDC4D /* senkusha.c in Sources */ = {isa = PBXBuildFile; fileRef = AE5A2F9927F2ED1200AFDC4D /* senkusha.c */; };
		AE5A2FBF27F2ED1200AFDC4D /* fec.c in Sources */ = {isa = PBXBuildFile; fileRef = AE5A2F9A27F2ED1200AFDC4D /* fec.c */; };
		AE5A2FC027F2ED1200AFDC4D /* stoppipe.c in Sources */ = {isa = PBXBuildFile; fileRef = AE5A2F9B27F2ED1200AFDC4D /* stoppipe.c */; };
		AE5A2FC127F2ED1200AFDC4D /* time.c in Sources */ = {isa = PBXBuildFile; fileRef = AE5A2F9C27F2ED1200AFDC4D /* time.c */; };
		AE5A2FC227F2ED1200AFDC4D /* sock.c in Sources */ = {isa = PBXBuildFile; fileRef = AE5A2F9D27F2ED1200AFDC4D /* sock.c */; };
		AE5A2FC327F2ED1200AFDC4D /* takionsendbuffer.c in Sources */ = {isa = PBXBuildFile; fileRef = AE5A2F9E27F2ED1200AFDC4D /* takionsendbuffer.c */; };
		AE5A2FC427F2ED1200AFDC4D /* base64.c in Sources */ = {isa = PBXBuildFile; fileRef = AE5A2F9F27F2ED1200AFDC4D /* base64.c */; };
		AE5A2FC527F2ED1200AFDC4D /* launchspec.c in Sources */ = {isa = PBXBuildFile; fileRef = AE5A2FA027F2ED1200AFDC4D /* launchspec.c */; };
		AE5A2FC727F2ED1200AFDC4D /* http.c in Sources */ = {isa = PBXBuildFile; fileRef = AE5A2FA227F2ED1200AFDC4D /* http.c */; };
		AE5A2FC827F2ED1200AFDC4D /* orientation.c in Sources */ = {isa = PBXBuildFile; fileRef = AE5A2FA327F2ED1200AFDC4D /* orientation.c */; };
		AE5A2FC927F2ED1200AFDC4D /* gkcrypt.c in Sources */ = {isa = PBXBuildFile; fileRef = AE5A2FA427F2ED1200AFDC4D /* gkcrypt.c */; };
		AE5A2FCA27F2ED1200AFDC4D /* audioreceiver.c in Sources */ = {isa = PBXBuildFile; fileRef = AE5A2FA527F2ED1200AFDC4D /* audioreceiver.c */; };
		AE5A2FCB27F2ED1200AFDC4D /* streamconnection.c in Sources */ = {isa = PBXBuildFile; fileRef = AE5A2FA627F2ED1200AFDC4D /* streamconnection.c */; };
		AE5A2FCC27F2ED1200AFDC4D /* regist.c in Sources */ = {isa = PBXBuildFile; fileRef = AE5A2FA727F2ED1200AFDC4D /* regist.c */; };
		AE5A2FCD27F2ED1200AFDC4D /* audio.c in Sources */ = {isa = PBXBuildFile; fileRef = AE5A2FA827F2ED1200AFDC4D /* audio.c */; };
		AE5A2FCF27F2F16C00AFDC4D /* libprotobuf-c.a in Frameworks */ = {isa = PBXBuildFile; fileRef = AE5A2FCE27F2F16C00AFDC4D /* libprotobuf-c.a */; };
		AE5A2FD127F2F37B00AFDC4D /* libprotobuf-nanopb.a in Frameworks */ = {isa = PBXBuildFile; fileRef = AE5A2FD027F2F37B00AFDC4D /* libprotobuf-nanopb.a */; };
		AE5A2FD327F2F40600AFDC4D /* takion.pb.c in Sources */ = {isa = PBXBuildFile; fileRef = AE5A2FD227F2F40600AFDC4D /* takion.pb.c */; };
		AE5A2FD527F2FA7500AFDC4D /* ffmpegdecoder.c in Sources */ = {isa = PBXBuildFile; fileRef = AE5A2FD427F2FA7500AFDC4D /* ffmpegdecoder.c */; };
		AE5A2FE127F2FDE700AFDC4D /* libavcodec.a in Frameworks */ = {isa = PBXBuildFile; fileRef = AE5A2FE027F2FDE700AFDC4D /* libavcodec.a */; };
		AE5A2FE327F2FDEE00AFDC4D /* libavutil.a in Frameworks */ = {isa = PBXBuildFile; fileRef = AE5A2FE227F2FDEE00AFDC4D /* libavutil.a */; };
		AE5A2FE527F307D400AFDC4D /* ConsoleListView.swift in Sources */ = {isa = PBXBuildFile; fileRef = AE5A2FE427F307D400AFDC4D /* ConsoleListView.swift */; };
		AE5A2FE727F3E88E00AFDC4D /* AppModel.swift in Sources */ = {isa = PBXBuildFile; fileRef = AE5A2FE627F3E88E00AFDC4D /* AppModel.swift */; };
		AE5A2FE927F416E500AFDC4D /* YuvRenderer.swift in Sources */ = {isa = PBXBuildFile; fileRef = AE5A2FE827F416E500AFDC4D /* YuvRenderer.swift */; };
		AE5A2FEB27F416F900AFDC4D /* MetalKit.framework in Frameworks */ = {isa = PBXBuildFile; fileRef = AE5A2FEA27F416F900AFDC4D /* MetalKit.framework */; };
		AE5A2FED27F4170200AFDC4D /* Metal.framework in Frameworks */ = {isa = PBXBuildFile; fileRef = AE5A2FEC27F4170200AFDC4D /* Metal.framework */; };
		AE5A2FF027F4177300AFDC4D /* shaders.metal in Sources */ = {isa = PBXBuildFile; fileRef = AE5A2FEF27F4177300AFDC4D /* shaders.metal */; };
		AE5A2FF227F45CAA00AFDC4D /* KeyCodes.swift in Sources */ = {isa = PBXBuildFile; fileRef = AE5A2FF127F45CAA00AFDC4D /* KeyCodes.swift */; };
		AE5A301027F534F300AFDC4D /* InputManager.swift in Sources */ = {isa = PBXBuildFile; fileRef = AE5A300F27F534F300AFDC4D /* InputManager.swift */; };
/* End PBXBuildFile section */

/* Begin PBXFileReference section */
		AE5A2F0C27F2D6F500AFDC4D /* chiakiapp.app */ = {isa = PBXFileReference; explicitFileType = wrapper.application; includeInIndex = 0; path = chiakiapp.app; sourceTree = BUILT_PRODUCTS_DIR; };
		AE5A2F0F27F2D6F500AFDC4D /* AppDelegate.swift */ = {isa = PBXFileReference; lastKnownFileType = sourcecode.swift; path = AppDelegate.swift; sourceTree = "<group>"; };
		AE5A2F1127F2D6F500AFDC4D /* ViewController.swift */ = {isa = PBXFileReference; lastKnownFileType = sourcecode.swift; path = ViewController.swift; sourceTree = "<group>"; };
		AE5A2F1327F2D6F600AFDC4D /* Assets.xcassets */ = {isa = PBXFileReference; lastKnownFileType = folder.assetcatalog; path = Assets.xcassets; sourceTree = "<group>"; };
		AE5A2F1627F2D6F600AFDC4D /* Base */ = {isa = PBXFileReference; lastKnownFileType = file.storyboard; name = Base; path = Base.lproj/Main.storyboard; sourceTree = "<group>"; };
		AE5A2F1827F2D6F600AFDC4D /* chiakiapp.entitlements */ = {isa = PBXFileReference; lastKnownFileType = text.plist.entitlements; path = chiakiapp.entitlements; sourceTree = "<group>"; };
		AE5A2F7227F2E4D000AFDC4D /* chiakiapp-Bridging-Header.h */ = {isa = PBXFileReference; lastKnownFileType = sourcecode.c.h; path = "chiakiapp-Bridging-Header.h"; sourceTree = "<group>"; };
		AE5A2F7327F2E4D100AFDC4D /* ChiakiBridge.m */ = {isa = PBXFileReference; lastKnownFileType = sourcecode.c.objc; path = ChiakiBridge.m; sourceTree = "<group>"; };
		AE5A2F7627F2EA8F00AFDC4D /* libssl.a */ = {isa = PBXFileReference; lastKnownFileType = archive.ar; name = libssl.a; path = "../../../../opt/homebrew/Cellar/openssl@3/3.0.2/lib/libssl.a"; sourceTree = "<group>"; };
		AE5A2F7827F2EAED00AFDC4D /* libjerasure.a */ = {isa = PBXFileReference; lastKnownFileType = archive.ar; name = libjerasure.a; path = "../../chiaki/third-party/libjerasure.a"; sourceTree = "<group>"; };
		AE5A2F7A27F2EB2600AFDC4D /* libgf_complete.a */ = {isa = PBXFileReference; lastKnownFileType = archive.ar; name = libgf_complete.a; path = "../../chiaki/third-party/libgf_complete.a"; sourceTree = "<group>"; };
		AE5A2F7C27F2EB5500AFDC4D /* libssl.a */ = {isa = PBXFileReference; lastKnownFileType = archive.ar; name = libssl.a; path = "../../../../../opt/homebrew/Cellar/openssl@3/3.0.2/lib/libssl.a"; sourceTree = "<group>"; };
		AE5A2F7E27F2EB5B00AFDC4D /* libcrypto.a */ = {isa = PBXFileReference; lastKnownFileType = archive.ar; name = libcrypto.a; path = "../../../../../opt/homebrew/Cellar/openssl@3/3.0.2/lib/libcrypto.a"; sourceTree = "<group>"; };
		AE5A2F8027F2EBCA00AFDC4D /* ChiakiBridge.h */ = {isa = PBXFileReference; lastKnownFileType = sourcecode.c.h; path = ChiakiBridge.h; sourceTree = "<group>"; };
		AE5A2F8227F2ED1200AFDC4D /* log.c */ = {isa = PBXFileReference; fileEncoding = 4; lastKnownFileType = sourcecode.c.c; path = log.c; sourceTree = "<group>"; };
		AE5A2F8327F2ED1200AFDC4D /* thread.c */ = {isa = PBXFileReference; fileEncoding = 4; lastKnownFileType = sourcecode.c.c; path = thread.c; sourceTree = "<group>"; };
		AE5A2F8427F2ED1200AFDC4D /* common.c */ = {isa = PBXFileReference; fileEncoding = 4; lastKnownFileType = sourcecode.c.c; path = common.c; sourceTree = "<group>"; };
		AE5A2F8527F2ED1200AFDC4D /* utils.h */ = {isa = PBXFileReference; fileEncoding = 4; lastKnownFileType = sourcecode.c.h; path = utils.h; sourceTree = "<group>"; };
		AE5A2F8627F2ED1200AFDC4D /* discoveryservice.c */ = {isa = PBXFileReference; fileEncoding = 4; lastKnownFileType = sourcecode.c.c; path = discoveryservice.c; sourceTree = "<group>"; };
		AE5A2F8727F2ED1200AFDC4D /* frameprocessor.c */ = {isa = PBXFileReference; fileEncoding = 4; lastKnownFileType = sourcecode.c.c; path = frameprocessor.c; sourceTree = "<group>"; };
		AE5A2F8827F2ED1200AFDC4D /* session.c */ = {isa = PBXFileReference; fileEncoding = 4; lastKnownFileType = sourcecode.c.c; path = session.c; sourceTree = "<group>"; };
		AE5A2F8927F2ED1200AFDC4D /* controller.c */ = {isa = PBXFileReference; fileEncoding = 4; lastKnownFileType = sourcecode.c.c; path = controller.c; sourceTree = "<group>"; };
		AE5A2F8A27F2ED1200AFDC4D /* reorderqueue.c */ = {isa = PBXFileReference; fileEncoding = 4; lastKnownFileType = sourcecode.c.c; path = reorderqueue.c; sourceTree = "<group>"; };
		AE5A2F8C27F2ED1200AFDC4D /* takion.c */ = {isa = PBXFileReference; fileEncoding = 4; lastKnownFileType = sourcecode.c.c; path = takion.c; sourceTree = "<group>"; };
		AE5A2F8D27F2ED1200AFDC4D /* packetstats.c */ = {isa = PBXFileReference; fileEncoding = 4; lastKnownFileType = sourcecode.c.c; path = packetstats.c; sourceTree = "<group>"; };
		AE5A2F8E27F2ED1200AFDC4D /* ecdh.c */ = {isa = PBXFileReference; fileEncoding = 4; lastKnownFileType = sourcecode.c.c; path = ecdh.c; sourceTree = "<group>"; };
		AE5A2F8F27F2ED1200AFDC4D /* pb_utils.h */ = {isa = PBXFileReference; fileEncoding = 4; lastKnownFileType = sourcecode.c.h; path = pb_utils.h; sourceTree = "<group>"; };
		AE5A2F9027F2ED1200AFDC4D /* ctrl.c */ = {isa = PBXFileReference; fileEncoding = 4; lastKnownFileType = sourcecode.c.c; path = ctrl.c; sourceTree = "<group>"; };
		AE5A2F9127F2ED1200AFDC4D /* congestioncontrol.c */ = {isa = PBXFileReference; fileEncoding = 4; lastKnownFileType = sourcecode.c.c; path = congestioncontrol.c; sourceTree = "<group>"; };
		AE5A2F9227F2ED1200AFDC4D /* videoreceiver.c */ = {isa = PBXFileReference; fileEncoding = 4; lastKnownFileType = sourcecode.c.c; path = videoreceiver.c; sourceTree = "<group>"; };
		AE5A2F9327F2ED1200AFDC4D /* feedbacksender.c */ = {isa = PBXFileReference; fileEncoding = 4; lastKnownFileType = sourcecode.c.c; path = feedbacksender.c; sourceTree = "<group>"; };
		AE5A2F9427F2ED1200AFDC4D /* feedback.c */ = {isa = PBXFileReference; fileEncoding = 4; lastKnownFileType = sourcecode.c.c; path = feedback.c; sourceTree = "<group>"; };
		AE5A2F9527F2ED1200AFDC4D /* random.c */ = {isa = PBXFileReference; fileEncoding = 4; lastKnownFileType = sourcecode.c.c; path = random.c; sourceTree = "<group>"; };
		AE5A2F9627F2ED1200AFDC4D /* rpcrypt.c */ = {isa = PBXFileReference; fileEncoding = 4; lastKnownFileType = sourcecode.c.c; path = rpcrypt.c; sourceTree = "<group>"; };
		AE5A2F9727F2ED1200AFDC4D /* discovery.c */ = {isa = PBXFileReference; fileEncoding = 4; lastKnownFileType = sourcecode.c.c; path = discovery.c; sourceTree = "<group>"; };
		AE5A2F9927F2ED1200AFDC4D /* senkusha.c */ = {isa = PBXFileReference; fileEncoding = 4; lastKnownFileType = sourcecode.c.c; path = senkusha.c; sourceTree = "<group>"; };
		AE5A2F9A27F2ED1200AFDC4D /* fec.c */ = {isa = PBXFileReference; fileEncoding = 4; lastKnownFileType = sourcecode.c.c; path = fec.c; sourceTree = "<group>"; };
		AE5A2F9B27F2ED1200AFDC4D /* stoppipe.c */ = {isa = PBXFileReference; fileEncoding = 4; lastKnownFileType = sourcecode.c.c; path = stoppipe.c; sourceTree = "<group>"; };
		AE5A2F9C27F2ED1200AFDC4D /* time.c */ = {isa = PBXFileReference; fileEncoding = 4; lastKnownFileType = sourcecode.c.c; path = time.c; sourceTree = "<group>"; };
		AE5A2F9D27F2ED1200AFDC4D /* sock.c */ = {isa = PBXFileReference; fileEncoding = 4; lastKnownFileType = sourcecode.c.c; path = sock.c; sourceTree = "<group>"; };
		AE5A2F9E27F2ED1200AFDC4D /* takionsendbuffer.c */ = {isa = PBXFileReference; fileEncoding = 4; lastKnownFileType = sourcecode.c.c; path = takionsendbuffer.c; sourceTree = "<group>"; };
		AE5A2F9F27F2ED1200AFDC4D /* base64.c */ = {isa = PBXFileReference; fileEncoding = 4; lastKnownFileType = sourcecode.c.c; path = base64.c; sourceTree = "<group>"; };
		AE5A2FA027F2ED1200AFDC4D /* launchspec.c */ = {isa = PBXFileReference; fileEncoding = 4; lastKnownFileType = sourcecode.c.c; path = launchspec.c; sourceTree = "<group>"; };
		AE5A2FA227F2ED1200AFDC4D /* http.c */ = {isa = PBXFileReference; fileEncoding = 4; lastKnownFileType = sourcecode.c.c; path = http.c; sourceTree = "<group>"; };
		AE5A2FA327F2ED1200AFDC4D /* orientation.c */ = {isa = PBXFileReference; fileEncoding = 4; lastKnownFileType = sourcecode.c.c; path = orientation.c; sourceTree = "<group>"; };
		AE5A2FA427F2ED1200AFDC4D /* gkcrypt.c */ = {isa = PBXFileReference; fileEncoding = 4; lastKnownFileType = sourcecode.c.c; path = gkcrypt.c; sourceTree = "<group>"; };
		AE5A2FA527F2ED1200AFDC4D /* audioreceiver.c */ = {isa = PBXFileReference; fileEncoding = 4; lastKnownFileType = sourcecode.c.c; path = audioreceiver.c; sourceTree = "<group>"; };
		AE5A2FA627F2ED1200AFDC4D /* streamconnection.c */ = {isa = PBXFileReference; fileEncoding = 4; lastKnownFileType = sourcecode.c.c; path = streamconnection.c; sourceTree = "<group>"; };
		AE5A2FA727F2ED1200AFDC4D /* regist.c */ = {isa = PBXFileReference; fileEncoding = 4; lastKnownFileType = sourcecode.c.c; path = regist.c; sourceTree = "<group>"; };
		AE5A2FA827F2ED1200AFDC4D /* audio.c */ = {isa = PBXFileReference; fileEncoding = 4; lastKnownFileType = sourcecode.c.c; path = audio.c; sourceTree = "<group>"; };
		AE5A2FCE27F2F16C00AFDC4D /* libprotobuf-c.a */ = {isa = PBXFileReference; lastKnownFileType = archive.ar; name = "libprotobuf-c.a"; path = "../../../../../opt/homebrew/Cellar/protobuf-c/1.4.0_1/lib/libprotobuf-c.a"; sourceTree = "<group>"; };
		AE5A2FD027F2F37B00AFDC4D /* libprotobuf-nanopb.a */ = {isa = PBXFileReference; lastKnownFileType = archive.ar; name = "libprotobuf-nanopb.a"; path = "../../chiaki/third-party/nanopb/libprotobuf-nanopb.a"; sourceTree = "<group>"; };
		AE5A2FD227F2F40600AFDC4D /* takion.pb.c */ = {isa = PBXFileReference; fileEncoding = 4; lastKnownFileType = sourcecode.c.c; name = takion.pb.c; path = ../../chiaki/lib/protobuf/takion.pb.c; sourceTree = "<group>"; };
		AE5A2FD427F2FA7500AFDC4D /* ffmpegdecoder.c */ = {isa = PBXFileReference; fileEncoding = 4; lastKnownFileType = sourcecode.c.c; path = ffmpegdecoder.c; sourceTree = "<group>"; };
		AE5A2FE027F2FDE700AFDC4D /* libavcodec.a */ = {isa = PBXFileReference; lastKnownFileType = archive.ar; name = libavcodec.a; path = ../../../../../opt/homebrew/Cellar/ffmpeg/5.0/lib/libavcodec.a; sourceTree = "<group>"; };
		AE5A2FE227F2FDEE00AFDC4D /* libavutil.a */ = {isa = PBXFileReference; lastKnownFileType = archive.ar; name = libavutil.a; path = ../../../../../opt/homebrew/Cellar/ffmpeg/5.0/lib/libavutil.a; sourceTree = "<group>"; };
		AE5A2FE427F307D400AFDC4D /* ConsoleListView.swift */ = {isa = PBXFileReference; lastKnownFileType = sourcecode.swift; path = ConsoleListView.swift; sourceTree = "<group>"; };
		AE5A2FE627F3E88E00AFDC4D /* AppModel.swift */ = {isa = PBXFileReference; lastKnownFileType = sourcecode.swift; path = AppModel.swift; sourceTree = "<group>"; };
		AE5A2FE827F416E500AFDC4D /* YuvRenderer.swift */ = {isa = PBXFileReference; lastKnownFileType = sourcecode.swift; path = YuvRenderer.swift; sourceTree = "<group>"; };
		AE5A2FEA27F416F900AFDC4D /* MetalKit.framework */ = {isa = PBXFileReference; lastKnownFileType = wrapper.framework; name = MetalKit.framework; path = System/Library/Frameworks/MetalKit.framework; sourceTree = SDKROOT; };
		AE5A2FEC27F4170200AFDC4D /* Metal.framework */ = {isa = PBXFileReference; lastKnownFileType = wrapper.framework; name = Metal.framework; path = System/Library/Frameworks/Metal.framework; sourceTree = SDKROOT; };
		AE5A2FEE27F4173600AFDC4D /* MetalHeaders.h */ = {isa = PBXFileReference; lastKnownFileType = sourcecode.c.h; path = MetalHeaders.h; sourceTree = "<group>"; };
		AE5A2FEF27F4177300AFDC4D /* shaders.metal */ = {isa = PBXFileReference; lastKnownFileType = sourcecode.metal; path = shaders.metal; sourceTree = "<group>"; };
		AE5A2FF127F45CAA00AFDC4D /* KeyCodes.swift */ = {isa = PBXFileReference; lastKnownFileType = sourcecode.swift; path = KeyCodes.swift; sourceTree = "<group>"; };
		AE5A300F27F534F300AFDC4D /* InputManager.swift */ = {isa = PBXFileReference; lastKnownFileType = sourcecode.swift; path = InputManager.swift; sourceTree = "<group>"; };
/* End PBXFileReference section */

/* Begin PBXFrameworksBuildPhase section */
		AE5A2F0927F2D6F500AFDC4D /* Frameworks */ = {
			isa = PBXFrameworksBuildPhase;
			buildActionMask = 2147483647;
			files = (
				AE5A2FED27F4170200AFDC4D /* Metal.framework in Frameworks */,
				AE5A2FEB27F416F900AFDC4D /* MetalKit.framework in Frameworks */,
				AE5A2FE327F2FDEE00AFDC4D /* libavutil.a in Frameworks */,
				AE5A2FD127F2F37B00AFDC4D /* libprotobuf-nanopb.a in Frameworks */,
				AE5A2FCF27F2F16C00AFDC4D /* libprotobuf-c.a in Frameworks */,
				AE5A2F7D27F2EB5500AFDC4D /* libssl.a in Frameworks */,
				AE5A2F7727F2EA8F00AFDC4D /* libssl.a in Frameworks */,
				AE5A2F7F27F2EB5B00AFDC4D /* libcrypto.a in Frameworks */,
				AE5A2F7927F2EAED00AFDC4D /* libjerasure.a in Frameworks */,
				AE5A2F7B27F2EB2600AFDC4D /* libgf_complete.a in Frameworks */,
				AE5A2FE127F2FDE700AFDC4D /* libavcodec.a in Frameworks */,
			);
			runOnlyForDeploymentPostprocessing = 0;
		};
/* End PBXFrameworksBuildPhase section */

/* Begin PBXGroup section */
		AE5A2F0327F2D6F500AFDC4D = {
			isa = PBXGroup;
			children = (
				AE5A2F0E27F2D6F500AFDC4D /* chiakiapp */,
				AE5A2F0D27F2D6F500AFDC4D /* Products */,
				AE5A2F7527F2EA8F00AFDC4D /* Frameworks */,
			);
			sourceTree = "<group>";
		};
		AE5A2F0D27F2D6F500AFDC4D /* Products */ = {
			isa = PBXGroup;
			children = (
				AE5A2F0C27F2D6F500AFDC4D /* chiakiapp.app */,
			);
			name = Products;
			sourceTree = "<group>";
		};
		AE5A2F0E27F2D6F500AFDC4D /* chiakiapp */ = {
			isa = PBXGroup;
			children = (
				AE5A300E27F534E800AFDC4D /* inputmanager */,
				AE5A2FDC27F2FDA900AFDC4D /* libs */,
				AE5A2F0F27F2D6F500AFDC4D /* AppDelegate.swift */,
				AE5A2F1127F2D6F500AFDC4D /* ViewController.swift */,
				AE5A2FE627F3E88E00AFDC4D /* AppModel.swift */,
				AE5A2FE427F307D400AFDC4D /* ConsoleListView.swift */,
				AE5A2F1327F2D6F600AFDC4D /* Assets.xcassets */,
				AE5A2F1527F2D6F600AFDC4D /* Main.storyboard */,
				AE5A2FD227F2F40600AFDC4D /* takion.pb.c */,
				AE5A2F8127F2ED1200AFDC4D /* src */,
				AE5A2F1827F2D6F600AFDC4D /* chiakiapp.entitlements */,
				AE5A2F7227F2E4D000AFDC4D /* chiakiapp-Bridging-Header.h */,
				AE5A2F7327F2E4D100AFDC4D /* ChiakiBridge.m */,
				AE5A2F8027F2EBCA00AFDC4D /* ChiakiBridge.h */,
				AE5A2FE027F2FDE700AFDC4D /* libavcodec.a */,
				AE5A2FE227F2FDEE00AFDC4D /* libavutil.a */,
				AE5A2FCE27F2F16C00AFDC4D /* libprotobuf-c.a */,
				AE5A2F7E27F2EB5B00AFDC4D /* libcrypto.a */,
				AE5A2F7C27F2EB5500AFDC4D /* libssl.a */,
				AE5A2F7827F2EAED00AFDC4D /* libjerasure.a */,
				AE5A2F7A27F2EB2600AFDC4D /* libgf_complete.a */,
				AE5A2FD027F2F37B00AFDC4D /* libprotobuf-nanopb.a */,
				AE5A2FE827F416E500AFDC4D /* YuvRenderer.swift */,
				AE5A2FEE27F4173600AFDC4D /* MetalHeaders.h */,
				AE5A2FEF27F4177300AFDC4D /* shaders.metal */,
				AE5A2FF127F45CAA00AFDC4D /* KeyCodes.swift */,
			);
			path = chiakiapp;
			sourceTree = "<group>";
		};
		AE5A2F7527F2EA8F00AFDC4D /* Frameworks */ = {
			isa = PBXGroup;
			children = (
				AE5A2FEC27F4170200AFDC4D /* Metal.framework */,
				AE5A2FEA27F416F900AFDC4D /* MetalKit.framework */,
				AE5A2F7627F2EA8F00AFDC4D /* libssl.a */,
			);
			name = Frameworks;
			sourceTree = "<group>";
		};
		AE5A2F8127F2ED1200AFDC4D /* src */ = {
			isa = PBXGroup;
			children = (
				AE5A2FD427F2FA7500AFDC4D /* ffmpegdecoder.c */,
				AE5A2F8227F2ED1200AFDC4D /* log.c */,
				AE5A2F8327F2ED1200AFDC4D /* thread.c */,
				AE5A2F8427F2ED1200AFDC4D /* common.c */,
				AE5A2F8527F2ED1200AFDC4D /* utils.h */,
				AE5A2F8627F2ED1200AFDC4D /* discoveryservice.c */,
				AE5A2F8727F2ED1200AFDC4D /* frameprocessor.c */,
				AE5A2F8827F2ED1200AFDC4D /* session.c */,
				AE5A2F8927F2ED1200AFDC4D /* controller.c */,
				AE5A2F8A27F2ED1200AFDC4D /* reorderqueue.c */,
				AE5A2F8C27F2ED1200AFDC4D /* takion.c */,
				AE5A2F8D27F2ED1200AFDC4D /* packetstats.c */,
				AE5A2F8E27F2ED1200AFDC4D /* ecdh.c */,
				AE5A2F8F27F2ED1200AFDC4D /* pb_utils.h */,
				AE5A2F9027F2ED1200AFDC4D /* ctrl.c */,
				AE5A2F9127F2ED1200AFDC4D /* congestioncontrol.c */,
				AE5A2F9227F2ED1200AFDC4D /* videoreceiver.c */,
				AE5A2F9327F2ED1200AFDC4D /* feedbacksender.c */,
				AE5A2F9427F2ED1200AFDC4D /* feedback.c */,
				AE5A2F9527F2ED1200AFDC4D /* random.c */,
				AE5A2F9627F2ED1200AFDC4D /* rpcrypt.c */,
				AE5A2F9727F2ED1200AFDC4D /* discovery.c */,
				AE5A2F9927F2ED1200AFDC4D /* senkusha.c */,
				AE5A2F9A27F2ED1200AFDC4D /* fec.c */,
				AE5A2F9B27F2ED1200AFDC4D /* stoppipe.c */,
				AE5A2F9C27F2ED1200AFDC4D /* time.c */,
				AE5A2F9D27F2ED1200AFDC4D /* sock.c */,
				AE5A2F9E27F2ED1200AFDC4D /* takionsendbuffer.c */,
				AE5A2F9F27F2ED1200AFDC4D /* base64.c */,
				AE5A2FA027F2ED1200AFDC4D /* launchspec.c */,
				AE5A2FA227F2ED1200AFDC4D /* http.c */,
				AE5A2FA327F2ED1200AFDC4D /* orientation.c */,
				AE5A2FA427F2ED1200AFDC4D /* gkcrypt.c */,
				AE5A2FA527F2ED1200AFDC4D /* audioreceiver.c */,
				AE5A2FA627F2ED1200AFDC4D /* streamconnection.c */,
				AE5A2FA727F2ED1200AFDC4D /* regist.c */,
				AE5A2FA827F2ED1200AFDC4D /* audio.c */,
			);
			name = src;
			path = ../../chiaki/lib/src;
			sourceTree = "<group>";
		};
		AE5A2FDC27F2FDA900AFDC4D /* libs */ = {
			isa = PBXGroup;
			children = (
			);
			path = libs;
			sourceTree = "<group>";
		};
		AE5A300E27F534E800AFDC4D /* inputmanager */ = {
			isa = PBXGroup;
			children = (
				AE5A300F27F534F300AFDC4D /* InputManager.swift */,
			);
			path = inputmanager;
			sourceTree = "<group>";
		};
/* End PBXGroup section */

/* Begin PBXNativeTarget section */
		AE5A2F0B27F2D6F500AFDC4D /* chiakiapp */ = {
			isa = PBXNativeTarget;
			buildConfigurationList = AE5A2F1B27F2D6F600AFDC4D /* Build configuration list for PBXNativeTarget "chiakiapp" */;
			buildPhases = (
				AE5A2F0827F2D6F500AFDC4D /* Sources */,
				AE5A2F0927F2D6F500AFDC4D /* Frameworks */,
				AE5A2F0A27F2D6F500AFDC4D /* Resources */,
			);
			buildRules = (
			);
			dependencies = (
			);
			name = chiakiapp;
			productName = chiakiapp;
			productReference = AE5A2F0C27F2D6F500AFDC4D /* chiakiapp.app */;
			productType = "com.apple.product-type.application";
		};
/* End PBXNativeTarget section */

/* Begin PBXProject section */
		AE5A2F0427F2D6F500AFDC4D /* Project object */ = {
			isa = PBXProject;
			attributes = {
				BuildIndependentTargetsInParallel = 1;
				LastSwiftUpdateCheck = 1320;
				LastUpgradeCheck = 1320;
				TargetAttributes = {
					AE5A2F0B27F2D6F500AFDC4D = {
						CreatedOnToolsVersion = 13.2.1;
						LastSwiftMigration = 1320;
					};
				};
			};
			buildConfigurationList = AE5A2F0727F2D6F500AFDC4D /* Build configuration list for PBXProject "chiakiapp" */;
			compatibilityVersion = "Xcode 13.0";
			developmentRegion = en;
			hasScannedForEncodings = 0;
			knownRegions = (
				en,
				Base,
			);
			mainGroup = AE5A2F0327F2D6F500AFDC4D;
			productRefGroup = AE5A2F0D27F2D6F500AFDC4D /* Products */;
			projectDirPath = "";
			projectRoot = "";
			targets = (
				AE5A2F0B27F2D6F500AFDC4D /* chiakiapp */,
			);
		};
/* End PBXProject section */

/* Begin PBXResourcesBuildPhase section */
		AE5A2F0A27F2D6F500AFDC4D /* Resources */ = {
			isa = PBXResourcesBuildPhase;
			buildActionMask = 2147483647;
			files = (
				AE5A2F1427F2D6F600AFDC4D /* Assets.xcassets in Resources */,
				AE5A2F1727F2D6F600AFDC4D /* Main.storyboard in Resources */,
			);
			runOnlyForDeploymentPostprocessing = 0;
		};
/* End PBXResourcesBuildPhase section */

/* Begin PBXSourcesBuildPhase section */
		AE5A2F0827F2D6F500AFDC4D /* Sources */ = {
			isa = PBXSourcesBuildPhase;
			buildActionMask = 2147483647;
			files = (
				AE5A2FAB27F2ED1200AFDC4D /* common.c in Sources */,
				AE5A2FB327F2ED1200AFDC4D /* packetstats.c in Sources */,
				AE5A2FBB27F2ED1200AFDC4D /* rpcrypt.c in Sources */,
				AE5A2FC527F2ED1200AFDC4D /* launchspec.c in Sources */,
				AE5A2FAE27F2ED1200AFDC4D /* session.c in Sources */,
				AE5A2FB027F2ED1200AFDC4D /* reorderqueue.c in Sources */,
				AE5A2FA927F2ED1200AFDC4D /* log.c in Sources */,
				AE5A2FB427F2ED1200AFDC4D /* ecdh.c in Sources */,
				AE5A2FB227F2ED1200AFDC4D /* takion.c in Sources */,
				AE5A2FBF27F2ED1200AFDC4D /* fec.c in Sources */,
				AE5A2FF027F4177300AFDC4D /* shaders.metal in Sources */,
				AE5A2FC327F2ED1200AFDC4D /* takionsendbuffer.c in Sources */,
				AE5A2FAC27F2ED1200AFDC4D /* discoveryservice.c in Sources */,
				AE5A2FB927F2ED1200AFDC4D /* feedback.c in Sources */,
				AE5A2FE927F416E500AFDC4D /* YuvRenderer.swift in Sources */,
				AE5A301027F534F300AFDC4D /* InputManager.swift in Sources */,
				AE5A2FCC27F2ED1200AFDC4D /* regist.c in Sources */,
				AE5A2FBC27F2ED1200AFDC4D /* discovery.c in Sources */,
				AE5A2F1227F2D6F500AFDC4D /* ViewController.swift in Sources */,
				AE5A2FCA27F2ED1200AFDC4D /* audioreceiver.c in Sources */,
				AE5A2FCD27F2ED1200AFDC4D /* audio.c in Sources */,
				AE5A2FF227F45CAA00AFDC4D /* KeyCodes.swift in Sources */,
				AE5A2FC127F2ED1200AFDC4D /* time.c in Sources */,
				AE5A2FCB27F2ED1200AFDC4D /* streamconnection.c in Sources */,
				AE5A2FBA27F2ED1200AFDC4D /* random.c in Sources */,
				AE5A2FC727F2ED1200AFDC4D /* http.c in Sources */,
				AE5A2FC827F2ED1200AFDC4D /* orientation.c in Sources */,
				AE5A2FBE27F2ED1200AFDC4D /* senkusha.c in Sources */,
				AE5A2FAD27F2ED1200AFDC4D /* frameprocessor.c in Sources */,
				AE5A2FB827F2ED1200AFDC4D /* feedbacksender.c in Sources */,
				AE5A2FE527F307D400AFDC4D /* ConsoleListView.swift in Sources */,
				AE5A2FD327F2F40600AFDC4D /* takion.pb.c in Sources */,
				AE5A2FAA27F2ED1200AFDC4D /* thread.c in Sources */,
				AE5A2FC427F2ED1200AFDC4D /* base64.c in Sources */,
				AE5A2FB527F2ED1200AFDC4D /* ctrl.c in Sources */,
				AE5A2FAF27F2ED1200AFDC4D /* controller.c in Sources */,
				AE5A2F1027F2D6F500AFDC4D /* AppDelegate.swift in Sources */,
				AE5A2FC927F2ED1200AFDC4D /* gkcrypt.c in Sources */,
				AE5A2FC027F2ED1200AFDC4D /* stoppipe.c in Sources */,
				AE5A2F7427F2E4D100AFDC4D /* ChiakiBridge.m in Sources */,
				AE5A2FD527F2FA7500AFDC4D /* ffmpegdecoder.c in Sources */,
				AE5A2FE727F3E88E00AFDC4D /* AppModel.swift in Sources */,
				AE5A2FB727F2ED1200AFDC4D /* videoreceiver.c in Sources */,
				AE5A2FC227F2ED1200AFDC4D /* sock.c in Sources */,
				AE5A2FB627F2ED1200AFDC4D /* congestioncontrol.c in Sources */,
			);
			runOnlyForDeploymentPostprocessing = 0;
		};
/* End PBXSourcesBuildPhase section */

/* Begin PBXVariantGroup section */
		AE5A2F1527F2D6F600AFDC4D /* Main.storyboard */ = {
			isa = PBXVariantGroup;
			children = (
				AE5A2F1627F2D6F600AFDC4D /* Base */,
			);
			name = Main.storyboard;
			sourceTree = "<group>";
		};
/* End PBXVariantGroup section */

/* Begin XCBuildConfiguration section */
		AE5A2F1927F2D6F600AFDC4D /* Debug */ = {
			isa = XCBuildConfiguration;
			buildSettings = {
				ALWAYS_SEARCH_USER_PATHS = NO;
				CLANG_ANALYZER_NONNULL = YES;
				CLANG_ANALYZER_NUMBER_OBJECT_CONVERSION = YES_AGGRESSIVE;
				CLANG_CXX_LANGUAGE_STANDARD = "gnu++17";
				CLANG_CXX_LIBRARY = "libc++";
				CLANG_ENABLE_MODULES = YES;
				CLANG_ENABLE_OBJC_ARC = YES;
				CLANG_ENABLE_OBJC_WEAK = YES;
				CLANG_WARN_BLOCK_CAPTURE_AUTORELEASING = YES;
				CLANG_WARN_BOOL_CONVERSION = YES;
				CLANG_WARN_COMMA = YES;
				CLANG_WARN_CONSTANT_CONVERSION = YES;
				CLANG_WARN_DEPRECATED_OBJC_IMPLEMENTATIONS = YES;
				CLANG_WARN_DIRECT_OBJC_ISA_USAGE = YES_ERROR;
				CLANG_WARN_DOCUMENTATION_COMMENTS = YES;
				CLANG_WARN_EMPTY_BODY = YES;
				CLANG_WARN_ENUM_CONVERSION = YES;
				CLANG_WARN_INFINITE_RECURSION = YES;
				CLANG_WARN_INT_CONVERSION = YES;
				CLANG_WARN_NON_LITERAL_NULL_CONVERSION = YES;
				CLANG_WARN_OBJC_IMPLICIT_RETAIN_SELF = YES;
				CLANG_WARN_OBJC_LITERAL_CONVERSION = YES;
				CLANG_WARN_OBJC_ROOT_CLASS = YES_ERROR;
				CLANG_WARN_QUOTED_INCLUDE_IN_FRAMEWORK_HEADER = YES;
				CLANG_WARN_RANGE_LOOP_ANALYSIS = YES;
				CLANG_WARN_STRICT_PROTOTYPES = YES;
				CLANG_WARN_SUSPICIOUS_MOVE = YES;
				CLANG_WARN_UNGUARDED_AVAILABILITY = YES_AGGRESSIVE;
				CLANG_WARN_UNREACHABLE_CODE = YES;
				CLANG_WARN__DUPLICATE_METHOD_MATCH = YES;
				COPY_PHASE_STRIP = NO;
				DEBUG_INFORMATION_FORMAT = dwarf;
				ENABLE_STRICT_OBJC_MSGSEND = YES;
				ENABLE_TESTABILITY = YES;
				GCC_C_LANGUAGE_STANDARD = gnu11;
				GCC_DYNAMIC_NO_PIC = NO;
				GCC_NO_COMMON_BLOCKS = YES;
				GCC_OPTIMIZATION_LEVEL = 0;
				GCC_PREPROCESSOR_DEFINITIONS = (
					"DEBUG=1",
					"$(inherited)",
				);
				GCC_WARN_64_TO_32_BIT_CONVERSION = YES;
				GCC_WARN_ABOUT_RETURN_TYPE = YES_ERROR;
				GCC_WARN_UNDECLARED_SELECTOR = YES;
				GCC_WARN_UNINITIALIZED_AUTOS = YES_AGGRESSIVE;
				GCC_WARN_UNUSED_FUNCTION = YES;
				GCC_WARN_UNUSED_VARIABLE = YES;
				MACOSX_DEPLOYMENT_TARGET = 12.1;
				MTL_ENABLE_DEBUG_INFO = INCLUDE_SOURCE;
				MTL_FAST_MATH = YES;
				ONLY_ACTIVE_ARCH = YES;
				SDKROOT = macosx;
				SWIFT_ACTIVE_COMPILATION_CONDITIONS = DEBUG;
				SWIFT_OPTIMIZATION_LEVEL = "-Onone";
			};
			name = Debug;
		};
		AE5A2F1A27F2D6F600AFDC4D /* Release */ = {
			isa = XCBuildConfiguration;
			buildSettings = {
				ALWAYS_SEARCH_USER_PATHS = NO;
				CLANG_ANALYZER_NONNULL = YES;
				CLANG_ANALYZER_NUMBER_OBJECT_CONVERSION = YES_AGGRESSIVE;
				CLANG_CXX_LANGUAGE_STANDARD = "gnu++17";
				CLANG_CXX_LIBRARY = "libc++";
				CLANG_ENABLE_MODULES = YES;
				CLANG_ENABLE_OBJC_ARC = YES;
				CLANG_ENABLE_OBJC_WEAK = YES;
				CLANG_WARN_BLOCK_CAPTURE_AUTORELEASING = YES;
				CLANG_WARN_BOOL_CONVERSION = YES;
				CLANG_WARN_COMMA = YES;
				CLANG_WARN_CONSTANT_CONVERSION = YES;
				CLANG_WARN_DEPRECATED_OBJC_IMPLEMENTATIONS = YES;
				CLANG_WARN_DIRECT_OBJC_ISA_USAGE = YES_ERROR;
				CLANG_WARN_DOCUMENTATION_COMMENTS = YES;
				CLANG_WARN_EMPTY_BODY = YES;
				CLANG_WARN_ENUM_CONVERSION = YES;
				CLANG_WARN_INFINITE_RECURSION = YES;
				CLANG_WARN_INT_CONVERSION = YES;
				CLANG_WARN_NON_LITERAL_NULL_CONVERSION = YES;
				CLANG_WARN_OBJC_IMPLICIT_RETAIN_SELF = YES;
				CLANG_WARN_OBJC_LITERAL_CONVERSION = YES;
				CLANG_WARN_OBJC_ROOT_CLASS = YES_ERROR;
				CLANG_WARN_QUOTED_INCLUDE_IN_FRAMEWORK_HEADER = YES;
				CLANG_WARN_RANGE_LOOP_ANALYSIS = YES;
				CLANG_WARN_STRICT_PROTOTYPES = YES;
				CLANG_WARN_SUSPICIOUS_MOVE = YES;
				CLANG_WARN_UNGUARDED_AVAILABILITY = YES_AGGRESSIVE;
				CLANG_WARN_UNREACHABLE_CODE = YES;
				CLANG_WARN__DUPLICATE_METHOD_MATCH = YES;
				COPY_PHASE_STRIP = NO;
				DEBUG_INFORMATION_FORMAT = "dwarf-with-dsym";
				ENABLE_NS_ASSERTIONS = NO;
				ENABLE_STRICT_OBJC_MSGSEND = YES;
				GCC_C_LANGUAGE_STANDARD = gnu11;
				GCC_NO_COMMON_BLOCKS = YES;
				GCC_WARN_64_TO_32_BIT_CONVERSION = YES;
				GCC_WARN_ABOUT_RETURN_TYPE = YES_ERROR;
				GCC_WARN_UNDECLARED_SELECTOR = YES;
				GCC_WARN_UNINITIALIZED_AUTOS = YES_AGGRESSIVE;
				GCC_WARN_UNUSED_FUNCTION = YES;
				GCC_WARN_UNUSED_VARIABLE = YES;
				MACOSX_DEPLOYMENT_TARGET = 12.1;
				MTL_ENABLE_DEBUG_INFO = NO;
				MTL_FAST_MATH = YES;
				SDKROOT = macosx;
				SWIFT_COMPILATION_MODE = wholemodule;
				SWIFT_OPTIMIZATION_LEVEL = "-O";
			};
			name = Release;
		};
		AE5A2F1C27F2D6F600AFDC4D /* Debug */ = {
			isa = XCBuildConfiguration;
			buildSettings = {
				ASSETCATALOG_COMPILER_APPICON_NAME = AppIcon;
				ASSETCATALOG_COMPILER_GLOBAL_ACCENT_COLOR_NAME = AccentColor;
				CLANG_CXX_LANGUAGE_STANDARD = "c++20";
				CLANG_ENABLE_MODULES = YES;
				CODE_SIGN_ENTITLEMENTS = chiakiapp/chiakiapp.entitlements;
				CODE_SIGN_IDENTITY = "Apple Development";
				CODE_SIGN_STYLE = Automatic;
				CURRENT_PROJECT_VERSION = 1;
				DEVELOPMENT_TEAM = XKGHA6BEPT;
				ENABLE_HARDENED_RUNTIME = NO;
				GENERATE_INFOPLIST_FILE = YES;
				HEADER_SEARCH_PATHS = (
					/Users/tjtan/work/chiaki/lib/include,
					/Users/tjtan/work/chiaki/lib/protobuf,
					"/opt/homebrew/Cellar/openssl@3/3.0.2/include",
					"/Users/tjtan/work/chiaki/third-party/nanopb",
					"/Users/tjtan/work/chiaki/third-party/jerasure/include",
					"/Users/tjtan/work/chiaki/third-party/gf-complete/include",
					/opt/homebrew/Cellar/ffmpeg/5.0/include,
				);
				INFOPLIST_KEY_NSHumanReadableCopyright = "";
				INFOPLIST_KEY_NSMainStoryboardFile = Main;
				INFOPLIST_KEY_NSPrincipalClass = NSApplication;
				LD_RUNPATH_SEARCH_PATHS = (
					"$(inherited)",
					"@executable_path/../Frameworks",
				);
				LIBRARY_SEARCH_PATHS = (
					/Users/tjtan/work/chiaki/lib,
					"/Users/tjtan/work/chiaki/third-party",
					"/opt/homebrew/Cellar/openssl@3/3.0.2/lib",
					"/opt/homebrew/Cellar/protobuf-c/1.4.0_1/lib",
					"/Users/tjtan/work/chiaki/third-party/nanopb",
					/opt/homebrew/Cellar/ffmpeg/5.0/lib,
				);
				MARKETING_VERSION = 1.0;
				PRODUCT_BUNDLE_IDENTIFIER = deckedstudios.chiakiapp;
				PRODUCT_NAME = "$(TARGET_NAME)";
				SWIFT_EMIT_LOC_STRINGS = YES;
				SWIFT_OBJC_BRIDGING_HEADER = "chiakiapp/chiakiapp-Bridging-Header.h";
				SWIFT_OPTIMIZATION_LEVEL = "-Onone";
				SWIFT_VERSION = 5.0;
			};
			name = Debug;
		};
		AE5A2F1D27F2D6F600AFDC4D /* Release */ = {
			isa = XCBuildConfiguration;
			buildSettings = {
				ASSETCATALOG_COMPILER_APPICON_NAME = AppIcon;
				ASSETCATALOG_COMPILER_GLOBAL_ACCENT_COLOR_NAME = AccentColor;
				CLANG_CXX_LANGUAGE_STANDARD = "c++20";
				CLANG_ENABLE_MODULES = YES;
				CODE_SIGN_ENTITLEMENTS = chiakiapp/chiakiapp.entitlements;
				CODE_SIGN_IDENTITY = "Apple Development";
				CODE_SIGN_STYLE = Automatic;
				CURRENT_PROJECT_VERSION = 1;
				DEVELOPMENT_TEAM = XKGHA6BEPT;
				ENABLE_HARDENED_RUNTIME = NO;
				GENERATE_INFOPLIST_FILE = YES;
				HEADER_SEARCH_PATHS = (
					/Users/tjtan/work/chiaki/lib/include,
					/Users/tjtan/work/chiaki/lib/protobuf,
					"/opt/homebrew/Cellar/openssl@3/3.0.2/include",
					"/Users/tjtan/work/chiaki/third-party/nanopb",
					"/Users/tjtan/work/chiaki/third-party/jerasure/include",
					"/Users/tjtan/work/chiaki/third-party/gf-complete/include",
					/opt/homebrew/Cellar/ffmpeg/5.0/include,
				);
				INFOPLIST_KEY_NSHumanReadableCopyright = "";
				INFOPLIST_KEY_NSMainStoryboardFile = Main;
				INFOPLIST_KEY_NSPrincipalClass = NSApplication;
				LD_RUNPATH_SEARCH_PATHS = (
					"$(inherited)",
					"@executable_path/../Frameworks",
				);
				LIBRARY_SEARCH_PATHS = (
					/Users/tjtan/work/chiaki/lib,
					"/Users/tjtan/work/chiaki/third-party",
					"/opt/homebrew/Cellar/openssl@3/3.0.2/lib",
					"/opt/homebrew/Cellar/protobuf-c/1.4.0_1/lib",
					"/Users/tjtan/work/chiaki/third-party/nanopb",
					/opt/homebrew/Cellar/ffmpeg/5.0/lib,
				);
				MARKETING_VERSION = 1.0;
				PRODUCT_BUNDLE_IDENTIFIER = deckedstudios.chiakiapp;
				PRODUCT_NAME = "$(TARGET_NAME)";
				SWIFT_EMIT_LOC_STRINGS = YES;
				SWIFT_OBJC_BRIDGING_HEADER = "chiakiapp/chiakiapp-Bridging-Header.h";
				SWIFT_VERSION = 5.0;
			};
			name = Release;
		};
/* End XCBuildConfiguration section */

/* Begin XCConfigurationList section */
		AE5A2F0727F2D6F500AFDC4D /* Build configuration list for PBXProject "chiakiapp" */ = {
			isa = XCConfigurationList;
			buildConfigurations = (
				AE5A2F1927F2D6F600AFDC4D /* Debug */,
				AE5A2F1A27F2D6F600AFDC4D /* Release */,
			);
			defaultConfigurationIsVisible = 0;
			defaultConfigurationName = Release;
		};
		AE5A2F1B27F2D6F600AFDC4D /* Build configuration list for PBXNativeTarget "chiakiapp" */ = {
			isa = XCConfigurationList;
			buildConfigurations = (
				AE5A2F1C27F2D6F600AFDC4D /* Debug */,
				AE5A2F1D27F2D6F600AFDC4D /* Release */,
			);
			defaultConfigurationIsVisible = 0;
			defaultConfigurationName = Release;
		};
/* End XCConfigurationList section */
	};
	rootObject = AE5A2F0427F2D6F500AFDC4D /* Project object */;
}
